# THIS IS AN AUTOGENERATED FILE. DO NOT EDIT THIS FILE DIRECTLY.
# yarn lockfile v1


graphql@0.6.2:
  version "0.6.2"
  resolved "https://registry.yarnpkg.com/graphql/-/graphql-0.6.2.tgz#19cdcb17e5862d64396a0684f92f7be64e90e7af"
  dependencies:
    iterall "1.0.2"

iterall@1.0.2:
  version "1.0.2"
  resolved "https://registry.yarnpkg.com/iterall/-/iterall-1.0.2.tgz#41a2e96ce9eda5e61c767ee5dc312373bb046e91"
